
Microsoft Visual Studio Solution File, Format Version 12.00
# Visual Studio Version 16
VisualStudioVersion = 16.0.28803.452
MinimumVisualStudioVersion = 10.0.40219.1
Project("{FAE04EC0-301F-11D3-BF4B-00C04F79EFBC}") = "teleport", "teleport\teleport.csproj", "{D3356C8D-5FB2-4246-A01F-5CD658548866}"
EndProject
Global
	GlobalSection(SolutionConfigurationPlatforms) = preSolution
		Debug|Any CPU = Debug|Any CPU
		Release|Any CPU = Release|Any CPU
	EndGlobalSection
	GlobalSection(ProjectConfigurationPlatforms) = postSolution
		{D3356C8D-5FB2-4246-A01F-5CD658548866}.Debug|Any CPU.ActiveCfg = Debug|Any CPU
		{D3356C8D-5FB2-4246-A01F-5CD658548866}.Debug|Any CPU.Build.0 = Debug|Any CPU
		{D3356C8D-5FB2-4246-A01F-5CD658548866}.Release|Any CPU.ActiveCfg = Release|Any CPU
		{D3356C8D-5FB2-4246-A01F-5CD658548866}.Release|Any CPU.Build.0 = Release|Any CPU
	EndGlobalSection
	GlobalSection(SolutionProperties) = preSolution
		HideSolutionNode = FALSE
	EndGlobalSection
	GlobalSection(ExtensibilityGlobals) = postSolution
		SolutionGuid = {A10BA499-06DE-4E99-BE06-D86FF6BF1959}
	EndGlobalSection
EndGlobal
