
Microsoft Visual Studio Solution File, Format Version 12.00
# Visual Studio Version 16
VisualStudioVersion = 16.0.28803.352
MinimumVisualStudioVersion = 10.0.40219.1
Project("{FAE04EC0-301F-11D3-BF4B-00C04F79EFBC}") = "transporte_quantico", "transporte_quantico\transporte_quantico.csproj", "{DD5203CD-0A57-4FB8-A7EC-33ECE1D3C152}"
EndProject
Global
	GlobalSection(SolutionConfigurationPlatforms) = preSolution
		Debug|Any CPU = Debug|Any CPU
		Release|Any CPU = Release|Any CPU
	EndGlobalSection
	GlobalSection(ProjectConfigurationPlatforms) = postSolution
		{DD5203CD-0A57-4FB8-A7EC-33ECE1D3C152}.Debug|Any CPU.ActiveCfg = Debug|Any CPU
		{DD5203CD-0A57-4FB8-A7EC-33ECE1D3C152}.Debug|Any CPU.Build.0 = Debug|Any CPU
		{DD5203CD-0A57-4FB8-A7EC-33ECE1D3C152}.Release|Any CPU.ActiveCfg = Release|Any CPU
		{DD5203CD-0A57-4FB8-A7EC-33ECE1D3C152}.Release|Any CPU.Build.0 = Release|Any CPU
	EndGlobalSection
	GlobalSection(SolutionProperties) = preSolution
		HideSolutionNode = FALSE
	EndGlobalSection
	GlobalSection(ExtensibilityGlobals) = postSolution
		SolutionGuid = {B6197151-29A5-43EB-9384-0946D1CDBBD3}
	EndGlobalSection
EndGlobal
