
Microsoft Visual Studio Solution File, Format Version 12.00
# Visual Studio Version 16
VisualStudioVersion = 16.0.28803.452
MinimumVisualStudioVersion = 10.0.40219.1
Project("{FAE04EC0-301F-11D3-BF4B-00C04F79EFBC}") = "QSharpApplication1", "QSharpApplication1\QSharpApplication1.csproj", "{664332F3-075C-4BCA-867E-24E4E9275DCD}"
EndProject
Global
	GlobalSection(SolutionConfigurationPlatforms) = preSolution
		Debug|Any CPU = Debug|Any CPU
		Release|Any CPU = Release|Any CPU
	EndGlobalSection
	GlobalSection(ProjectConfigurationPlatforms) = postSolution
		{664332F3-075C-4BCA-867E-24E4E9275DCD}.Debug|Any CPU.ActiveCfg = Debug|Any CPU
		{664332F3-075C-4BCA-867E-24E4E9275DCD}.Debug|Any CPU.Build.0 = Debug|Any CPU
		{664332F3-075C-4BCA-867E-24E4E9275DCD}.Release|Any CPU.ActiveCfg = Release|Any CPU
		{664332F3-075C-4BCA-867E-24E4E9275DCD}.Release|Any CPU.Build.0 = Release|Any CPU
	EndGlobalSection
	GlobalSection(SolutionProperties) = preSolution
		HideSolutionNode = FALSE
	EndGlobalSection
	GlobalSection(ExtensibilityGlobals) = postSolution
		SolutionGuid = {534BB10C-314A-4E3E-BC84-8E21DCFE2EDD}
	EndGlobalSection
EndGlobal
